<?xml version="1.0" encoding="utf-8"?>
<Project ToolsVersion="4.0" xmlns="http://schemas.microsoft.com/developer/msbuild/2003">
  <ItemGroup>
    <Filter Include="Source Files">
      <UniqueIdentifier>{4FC737F1-C7A5-4376-A066-2A32D752A2FF}</UniqueIdentifier>
      <Extensions>cpp;c;cc;cxx;def;odl;idl;hpj;bat;asm;asmx</Extensions>
    </Filter>
    <Filter Include="Header Files">
      <UniqueIdentifier>{93995380-89BD-4b04-88EB-625FBE52EBFB}</UniqueIdentifier>
      <Extensions>h;hh;hpp;hxx;hm;inl;inc;xsd</Extensions>
    </Filter>
    <Filter Include="CL_Files">
      <UniqueIdentifier>{ce15a0c7-03c7-4e2b-8815-89d7d44165eb}</UniqueIdentifier>
    </Filter>
  </ItemGroup>
  <ItemGroup>
    <None Include="CL_Files\gaussian_blur.cl">
      <Filter>CL_Files</Filter>
    </None>
    <None Include="CL_Files\NonLocalMean.cl">
      <Filter>CL_Files</Filter>
    </None>
    <None Include="CL_Files\test_kernel.cl">
      <Filter>CL_Files</Filter>
    </None>
    <None Include="CL_Files\DCT8x8.cl">
      <Filter>CL_Files</Filter>
    </None>
    <None Include="CL_Files\BlockMatching.cl">
      <Filter>CL_Files</Filter>
    </None>
    <None Include="CL_Files\Fast_BlockMatching.cl">
      <Filter>CL_Files</Filter>
    </None>
    <None Include="CL_Files\bm3d_basic_filter.cl">
      <Filter>CL_Files</Filter>
    </None>
    <None Include="CL_Files\sumReductionGPU.cl">
      <Filter>CL_Files</Filter>
    </None>
    <None Include="CL_Files\bm3d.cl">
      <Filter>CL_Files</Filter>
    </None>
  </ItemGroup>
  <ItemGroup>
    <ClInclude Include="header\BM3D.h">
      <Filter>Header Files</Filter>
    </ClInclude>
    <ClInclude Include="header\getDevice.h">
      <Filter>Header Files</Filter>
    </ClInclude>
    <ClInclude Include="header\LoadImage.h">
      <Filter>Header Files</Filter>
    </ClInclude>
    <ClInclude Include="header\Utils.h">
      <Filter>Header Files</Filter>
    </ClInclude>
    <ClInclude Include="header\BlockMatching.h">
      <Filter>Header Files</Filter>
    </ClInclude>
    <ClInclude Include="header\DCT8X8.h">
      <Filter>Header Files</Filter>
    </ClInclude>
    <ClInclude Include="header\config.h">
      <Filter>Header Files</Filter>
    </ClInclude>
    <ClInclude Include="header\dct.h">
      <Filter>Header Files</Filter>
    </ClInclude>
    <ClInclude Include="header\haar.h">
      <Filter>Header Files</Filter>
    </ClInclude>
  </ItemGroup>
  <ItemGroup>
    <ClCompile Include="src\BM3D.cpp">
      <Filter>Source Files</Filter>
    </ClCompile>
    <ClCompile Include="src\demo.cpp">
      <Filter>Source Files</Filter>
    </ClCompile>
    <ClCompile Include="src\getDevice.cpp">
      <Filter>Source Files</Filter>
    </ClCompile>
    <ClCompile Include="src\ImageDenoising.cpp">
      <Filter>Source Files</Filter>
    </ClCompile>
    <ClCompile Include="src\LoadImage.cpp">
      <Filter>Source Files</Filter>
    </ClCompile>
    <ClCompile Include="src\Utils.cpp">
      <Filter>Source Files</Filter>
    </ClCompile>
    <ClCompile Include="src\BlockMatching.cpp">
      <Filter>Source Files</Filter>
    </ClCompile>
  </ItemGroup>
</Project>